{
  "nodes": {
    "nixpkgs": {
      "locked": {
        "lastModified": 1692780659,
        "narHash": "sha256-FJfBQRVPm5DWKSEssnVMFJxky8mxj5beOsKbmsnh4fM=",
        "owner": "nixos",
        "repo": "nixpkgs",
        "rev": "f297ac8a4d66292e783a2380b1864f0a99b9b7b5",
        "type": "github"
      },
      "original": {
        "owner": "nixos",
        "repo": "nixpkgs",
        "type": "github"
      }
    },
    "root": {
      "inputs": {
        "nixpkgs": "nixpkgs"
      }
    }
  },
  "root": "root",
  "version": 7
}
