{
  "nodes": {
    "nixpkgs": {
      "locked": {
        "lastModified": 1676386689,
        "narHash": "sha256-ZZb5gE5DHmseLva3sc8fEdVjD5u3iHdLBMF8gbXqcl4=",
        "owner": "nixos",
        "repo": "nixpkgs",
        "rev": "3d53723112c6045bd6534ebeb536056fec5a16f8",
        "type": "github"
      },
      "original": {
        "owner": "nixos",
        "repo": "nixpkgs",
        "type": "github"
      }
    },
    "root": {
      "inputs": {
        "nixpkgs": "nixpkgs"
      }
    }
  },
  "root": "root",
  "version": 7
}
